
Microsoft Visual Studio Solution File, Format Version 12.00
# Visual Studio Version 17
VisualStudioVersion = 17.0.31903.59
MinimumVisualStudioVersion = 10.0.40219.1
Project("{8BC9CEB8-8B4A-11D0-8D11-00A0C91BC942}") = "CoppeliaSimCSharpAPI", "CoppeliaSimCSharpAPI\CoppeliaSimCSharpAPI.vcxproj", "{6735F97B-5B21-4B2A-A1A4-EDFFCCD825BA}"
EndProject
Project("{FAE04EC0-301F-11D3-BF4B-00C04F79EFBC}") = "CoppeliaSimCSharpAPI.TestForm", "CoppeliaSimCSharpAPI.TestForm\CoppeliaSimCSharpAPI.TestForm.csproj", "{FB8863F3-9BA4-47AA-83B2-C28513F2B7F5}"
EndProject
Global
	GlobalSection(SolutionConfigurationPlatforms) = preSolution
		Debug|Any CPU = Debug|Any CPU
		Debug|x64 = Debug|x64
		Debug|x86 = Debug|x86
		Release|Any CPU = Release|Any CPU
		Release|x64 = Release|x64
		Release|x86 = Release|x86
	EndGlobalSection
	GlobalSection(ProjectConfigurationPlatforms) = postSolution
		{6735F97B-5B21-4B2A-A1A4-EDFFCCD825BA}.Debug|Any CPU.ActiveCfg = Debug|x64
		{6735F97B-5B21-4B2A-A1A4-EDFFCCD825BA}.Debug|Any CPU.Build.0 = Debug|x64
		{6735F97B-5B21-4B2A-A1A4-EDFFCCD825BA}.Debug|x64.ActiveCfg = Debug|x64
		{6735F97B-5B21-4B2A-A1A4-EDFFCCD825BA}.Debug|x64.Build.0 = Debug|x64
		{6735F97B-5B21-4B2A-A1A4-EDFFCCD825BA}.Debug|x86.ActiveCfg = Debug|Win32
		{6735F97B-5B21-4B2A-A1A4-EDFFCCD825BA}.Debug|x86.Build.0 = Debug|Win32
		{6735F97B-5B21-4B2A-A1A4-EDFFCCD825BA}.Release|Any CPU.ActiveCfg = Release|x64
		{6735F97B-5B21-4B2A-A1A4-EDFFCCD825BA}.Release|Any CPU.Build.0 = Release|x64
		{6735F97B-5B21-4B2A-A1A4-EDFFCCD825BA}.Release|x64.ActiveCfg = Release|x64
		{6735F97B-5B21-4B2A-A1A4-EDFFCCD825BA}.Release|x64.Build.0 = Release|x64
		{6735F97B-5B21-4B2A-A1A4-EDFFCCD825BA}.Release|x86.ActiveCfg = Release|Win32
		{6735F97B-5B21-4B2A-A1A4-EDFFCCD825BA}.Release|x86.Build.0 = Release|Win32
		{FB8863F3-9BA4-47AA-83B2-C28513F2B7F5}.Debug|Any CPU.ActiveCfg = Debug|Any CPU
		{FB8863F3-9BA4-47AA-83B2-C28513F2B7F5}.Debug|Any CPU.Build.0 = Debug|Any CPU
		{FB8863F3-9BA4-47AA-83B2-C28513F2B7F5}.Debug|x64.ActiveCfg = Debug|x64
		{FB8863F3-9BA4-47AA-83B2-C28513F2B7F5}.Debug|x64.Build.0 = Debug|x64
		{FB8863F3-9BA4-47AA-83B2-C28513F2B7F5}.Debug|x86.ActiveCfg = Debug|Any CPU
		{FB8863F3-9BA4-47AA-83B2-C28513F2B7F5}.Debug|x86.Build.0 = Debug|Any CPU
		{FB8863F3-9BA4-47AA-83B2-C28513F2B7F5}.Release|Any CPU.ActiveCfg = Release|Any CPU
		{FB8863F3-9BA4-47AA-83B2-C28513F2B7F5}.Release|Any CPU.Build.0 = Release|Any CPU
		{FB8863F3-9BA4-47AA-83B2-C28513F2B7F5}.Release|x64.ActiveCfg = Release|Any CPU
		{FB8863F3-9BA4-47AA-83B2-C28513F2B7F5}.Release|x64.Build.0 = Release|Any CPU
		{FB8863F3-9BA4-47AA-83B2-C28513F2B7F5}.Release|x86.ActiveCfg = Release|Any CPU
		{FB8863F3-9BA4-47AA-83B2-C28513F2B7F5}.Release|x86.Build.0 = Release|Any CPU
	EndGlobalSection
	GlobalSection(SolutionProperties) = preSolution
		HideSolutionNode = FALSE
	EndGlobalSection
	GlobalSection(ExtensibilityGlobals) = postSolution
		SolutionGuid = {570E3BC6-823F-48F5-9CFB-B981775CAF4B}
	EndGlobalSection
EndGlobal
